
Microsoft Visual Studio Solution File, Format Version 12.00
# Visual Studio Version 16
VisualStudioVersion = 16.0.29519.87
MinimumVisualStudioVersion = 10.0.40219.1
Project("{FAE04EC0-301F-11D3-BF4B-00C04F79EFBC}") = "TattooStudioClient", "TattooStudio\TattooStudioClient.csproj", "{F5A13948-35F0-4448-8838-77E9F7CA8A63}"
EndProject
Project("{FAE04EC0-301F-11D3-BF4B-00C04F79EFBC}") = "TattooStudioServer", "TattooStudioServer\TattooStudioServer.csproj", "{7A7715F8-7991-4E05-8550-DF66A333A318}"
EndProject
Global
	GlobalSection(SolutionConfigurationPlatforms) = preSolution
		Debug|Any CPU = Debug|Any CPU
		Release|Any CPU = Release|Any CPU
	EndGlobalSection
	GlobalSection(ProjectConfigurationPlatforms) = postSolution
		{F5A13948-35F0-4448-8838-77E9F7CA8A63}.Debug|Any CPU.ActiveCfg = Debug|Any CPU
		{F5A13948-35F0-4448-8838-77E9F7CA8A63}.Debug|Any CPU.Build.0 = Debug|Any CPU
		{F5A13948-35F0-4448-8838-77E9F7CA8A63}.Release|Any CPU.ActiveCfg = Release|Any CPU
		{F5A13948-35F0-4448-8838-77E9F7CA8A63}.Release|Any CPU.Build.0 = Release|Any CPU
		{7A7715F8-7991-4E05-8550-DF66A333A318}.Debug|Any CPU.ActiveCfg = Debug|Any CPU
		{7A7715F8-7991-4E05-8550-DF66A333A318}.Debug|Any CPU.Build.0 = Debug|Any CPU
		{7A7715F8-7991-4E05-8550-DF66A333A318}.Release|Any CPU.ActiveCfg = Release|Any CPU
		{7A7715F8-7991-4E05-8550-DF66A333A318}.Release|Any CPU.Build.0 = Release|Any CPU
	EndGlobalSection
	GlobalSection(SolutionProperties) = preSolution
		HideSolutionNode = FALSE
	EndGlobalSection
	GlobalSection(ExtensibilityGlobals) = postSolution
		SolutionGuid = {58383A71-B5A2-4B63-B941-1D04441A83FE}
	EndGlobalSection
EndGlobal
